{
  "name": "workspace",
  "version": "0.0.0",
  "lockfileVersion": 3,
  "requires": true,
  "packages": {
    "": {
      "name": "workspace",
      "version": "0.0.0",
      "hasInstallScript": true,
      "license": "MIT",
      "dependencies": {
        "@replit/connectors-sdk": "^0.4.3"
      },
      "devDependencies": {
        "@rollup/rollup-win32-x64-msvc": "^4.63.4",
        "@tailwindcss/oxide-win32-x64-msvc": "^4.3.3",
        "lightningcss-win32-x64-msvc": "^1.33.0",
        "prettier": "^3.9.6",
        "typescript": "~5.9.3"
      }
    },
    "node_modules/@replit/connectors-sdk": {
      "version": "0.4.3",
      "resolved": "https://registry.npmjs.org/@replit/connectors-sdk/-/connectors-sdk-0.4.3.tgz",
      "integrity": "sha512-7XoaRty/O6JF161UkVBI8UewZ96XCNNN1kRvT9Q41IRH3xr+6ImylvXtirIghydDd2FCQvIkY4HQscOOr45otA=="
    },
    "node_modules/@rollup/rollup-win32-x64-msvc": {
      "version": "4.63.5",
      "resolved": "https://registry.npmjs.org/@rollup/rollup-win32-x64-msvc/-/rollup-win32-x64-msvc-4.63.5.tgz",
      "integrity": "sha512-ypfC34F3RKXvCXBglGqGMsUSMKlgwd1HX9AOAlx9RoZZ6GaI42YHVeKpzg3JG+wpBUJYTG+NNZhqbDWL8tBZkw==",
      "cpu": [
        "x64"
      ],
      "dev": true,
      "license": "MIT",
      "os": [
        "win32"
      ]
    },
    "node_modules/@tailwindcss/oxide-win32-x64-msvc": {
      "version": "4.3.3",
      "resolved": "https://registry.npmjs.org/@tailwindcss/oxide-win32-x64-msvc/-/oxide-win32-x64-msvc-4.3.3.tgz",
      "integrity": "sha512-yJ0pwIVc/nYeGoV02WtsN8KYyLQv7kyI2wDnkezyJlGGjkd4QLwDGAwl47YpPJeuI0M0ObaXGSPjvWDPeTPggw==",
      "cpu": [
        "x64"
      ],
      "dev": true,
      "license": "MIT",
      "os": [
        "win32"
      ],
      "engines": {
        "node": ">= 20"
      }
    },
    "node_modules/lightningcss-win32-x64-msvc": {
      "version": "1.33.0",
      "resolved": "https://registry.npmjs.org/lightningcss-win32-x64-msvc/-/lightningcss-win32-x64-msvc-1.33.0.tgz",
      "integrity": "sha512-OlEICDx/Xl0FqSp4bry8zFnCvGpig3Gl4gCquvYwHuqJKEC1+n9NgDniFvqHGmMv1ZkqDJrDqKKSykTDX+ehuA==",
      "cpu": [
        "x64"
      ],
      "dev": true,
      "license": "MPL-2.0",
      "os": [
        "win32"
      ],
      "engines": {
        "node": ">= 12.0.0"
      },
      "funding": {
        "type": "opencollective",
        "url": "https://opencollective.com/parcel"
      }
    },
    "node_modules/prettier": {
      "version": "3.9.8",
      "resolved": "https://registry.npmjs.org/prettier/-/prettier-3.9.8.tgz",
      "integrity": "sha512-WRFq3Wn3WId7LLROfMLdH7xaFr2jR62wU8nLO6rQUOLOxNZUviyJQs1M0iIhLexSFy+L+w0ch66wtoO2jRjG0A==",
      "dev": true,
      "license": "MIT",
      "bin": {
        "prettier": "bin/prettier.cjs"
      },
      "engines": {
        "node": ">=14"
      },
      "funding": {
        "url": "https://github.com/prettier/prettier?sponsor=1"
      }
    },
    "node_modules/typescript": {
      "version": "5.9.3",
      "resolved": "https://registry.npmjs.org/typescript/-/typescript-5.9.3.tgz",
      "integrity": "sha512-jl1vZzPDinLr9eUt3J/t7V6FgNEw9QjvBPdysz9KfQDD41fQrC2Y4vKQdiaUpFT4bXlb1RHhLpp8wtm6M5TgSw==",
      "dev": true,
      "license": "Apache-2.0",
      "bin": {
        "tsc": "bin/tsc",
        "tsserver": "bin/tsserver"
      },
      "engines": {
        "node": ">=14.17"
      }
    }
  }
}
